
Microsoft Visual Studio Solution File, Format Version 9.00
# Visual Studio 2005
Project("{F184B08F-C81C-45F6-A57F-5ABD9991F28F}") = "Genov", "Genov\Genov.vbproj", "{0909CABF-13F9-4420-8F42-E4174C13DAFB}"
EndProject
Global
	GlobalSection(SolutionConfigurationPlatforms) = preSolution
		Debug|Any CPU = Debug|Any CPU
		Release|Any CPU = Release|Any CPU
	EndGlobalSection
	GlobalSection(ProjectConfigurationPlatforms) = postSolution
		{0909CABF-13F9-4420-8F42-E4174C13DAFB}.Debug|Any CPU.ActiveCfg = Debug|Any CPU
		{0909CABF-13F9-4420-8F42-E4174C13DAFB}.Debug|Any CPU.Build.0 = Debug|Any CPU
		{0909CABF-13F9-4420-8F42-E4174C13DAFB}.Release|Any CPU.ActiveCfg = Release|Any CPU
		{0909CABF-13F9-4420-8F42-E4174C13DAFB}.Release|Any CPU.Build.0 = Release|Any CPU
	EndGlobalSection
	GlobalSection(SolutionProperties) = preSolution
		HideSolutionNode = FALSE
	EndGlobalSection
EndGlobal
