
Microsoft Visual Studio Solution File, Format Version 10.00
# Visual Studio 2008
Project("{F184B08F-C81C-45F6-A57F-5ABD9991F28F}") = "MetroSys", "Metrosys\MetroSys.vbproj", "{0909CABF-13F9-4420-8F42-E4174C13DAFB}"
EndProject
Project("{54435603-DBB4-11D2-8724-00A0C9A8B90C}") = "InstaladorMetrosys", "InstaladorMetrosys\InstaladorMetrosys.vdproj", "{15760738-1F37-4F79-BD04-14148D4D20DA}"
EndProject
Global
	GlobalSection(SolutionConfigurationPlatforms) = preSolution
		Debug|Any CPU = Debug|Any CPU
		Debug|x86 = Debug|x86
		Release|Any CPU = Release|Any CPU
		Release|x86 = Release|x86
	EndGlobalSection
	GlobalSection(ProjectConfigurationPlatforms) = postSolution
		{0909CABF-13F9-4420-8F42-E4174C13DAFB}.Debug|Any CPU.ActiveCfg = Debug|Any CPU
		{0909CABF-13F9-4420-8F42-E4174C13DAFB}.Debug|Any CPU.Build.0 = Debug|Any CPU
		{0909CABF-13F9-4420-8F42-E4174C13DAFB}.Debug|x86.ActiveCfg = Debug|x86
		{0909CABF-13F9-4420-8F42-E4174C13DAFB}.Debug|x86.Build.0 = Debug|x86
		{0909CABF-13F9-4420-8F42-E4174C13DAFB}.Release|Any CPU.ActiveCfg = Release|Any CPU
		{0909CABF-13F9-4420-8F42-E4174C13DAFB}.Release|Any CPU.Build.0 = Release|Any CPU
		{0909CABF-13F9-4420-8F42-E4174C13DAFB}.Release|x86.ActiveCfg = Release|x86
		{0909CABF-13F9-4420-8F42-E4174C13DAFB}.Release|x86.Build.0 = Release|x86
		{15760738-1F37-4F79-BD04-14148D4D20DA}.Debug|Any CPU.ActiveCfg = Debug
		{15760738-1F37-4F79-BD04-14148D4D20DA}.Debug|x86.ActiveCfg = Debug
		{15760738-1F37-4F79-BD04-14148D4D20DA}.Debug|x86.Build.0 = Debug
		{15760738-1F37-4F79-BD04-14148D4D20DA}.Release|Any CPU.ActiveCfg = Release
		{15760738-1F37-4F79-BD04-14148D4D20DA}.Release|x86.ActiveCfg = Release
		{15760738-1F37-4F79-BD04-14148D4D20DA}.Release|x86.Build.0 = Release
	EndGlobalSection
	GlobalSection(SolutionProperties) = preSolution
		HideSolutionNode = FALSE
	EndGlobalSection
EndGlobal
